// !$*UTF8*$!
{
	archiveVersion = 1;
	classes = {
	};
	objectVersion = 56;
	objects = {

/* Begin PBXBuildFile section */
		84C96B222B0BE01F00C8B876 /* AppDelegate.swift in Sources */ = {isa = PBXBuildFile; fileRef = 84C96B212B0BE01F00C8B876 /* AppDelegate.swift */; };
		84C96B242B0BE01F00C8B876 /* SceneDelegate.swift in Sources */ = {isa = PBXBuildFile; fileRef = 84C96B232B0BE01F00C8B876 /* SceneDelegate.swift */; };
		84C96B262B0BE01F00C8B876 /* ViewController.swift in Sources */ = {isa = PBXBuildFile; fileRef = 84C96B252B0BE01F00C8B876 /* ViewController.swift */; };
		84C96B292B0BE01F00C8B876 /* Main.storyboard in Resources */ = {isa = PBXBuildFile; fileRef = 84C96B272B0BE01F00C8B876 /* Main.storyboard */; };
		84C96B2B2B0BE02100C8B876 /* Assets.xcassets in Resources */ = {isa = PBXBuildFile; fileRef = 84C96B2A2B0BE02100C8B876 /* Assets.xcassets */; };
		84C96B2E2B0BE02100C8B876 /* LaunchScreen.storyboard in Resources */ = {isa = PBXBuildFile; fileRef = 84C96B2C2B0BE02100C8B876 /* LaunchScreen.storyboard */; };
		84C96B392B0BE02100C8B876 /* ACLTCTests.swift in Sources */ = {isa = PBXBuildFile; fileRef = 84C96B382B0BE02100C8B876 /* ACLTCTests.swift */; };
		84C96B432B0BE02200C8B876 /* ACLTCUITests.swift in Sources */ = {isa = PBXBuildFile; fileRef = 84C96B422B0BE02200C8B876 /* ACLTCUITests.swift */; };
		84C96B452B0BE02200C8B876 /* ACLTCUITestsLaunchTests.swift in Sources */ = {isa = PBXBuildFile; fileRef = 84C96B442B0BE02200C8B876 /* ACLTCUITestsLaunchTests.swift */; };
/* End PBXBuildFile section */

/* Begin PBXContainerItemProxy section */
		84C96B352B0BE02100C8B876 /* PBXContainerItemProxy */ = {
			isa = PBXContainerItemProxy;
			containerPortal = 84C96B162B0BE01F00C8B876 /* Project object */;
			proxyType = 1;
			remoteGlobalIDString = 84C96B1D2B0BE01F00C8B876;
			remoteInfo = ACLTC;
		};
		84C96B3F2B0BE02200C8B876 /* PBXContainerItemProxy */ = {
			isa = PBXContainerItemProxy;
			containerPortal = 84C96B162B0BE01F00C8B876 /* Project object */;
			proxyType = 1;
			remoteGlobalIDString = 84C96B1D2B0BE01F00C8B876;
			remoteInfo = ACLTC;
		};
/* End PBXContainerItemProxy section */

/* Begin PBXFileReference section */
		84C96B1E2B0BE01F00C8B876 /* ACLTC.app */ = {isa = PBXFileReference; explicitFileType = wrapper.application; includeInIndex = 0; path = ACLTC.app; sourceTree = BUILT_PRODUCTS_DIR; };
		84C96B212B0BE01F00C8B876 /* AppDelegate.swift */ = {isa = PBXFileReference; lastKnownFileType = sourcecode.swift; path = AppDelegate.swift; sourceTree = "<group>"; };
		84C96B232B0BE01F00C8B876 /* SceneDelegate.swift */ = {isa = PBXFileReference; lastKnownFileType = sourcecode.swift; path = SceneDelegate.swift; sourceTree = "<group>"; };
		84C96B252B0BE01F00C8B876 /* ViewController.swift */ = {isa = PBXFileReference; lastKnownFileType = sourcecode.swift; path = ViewController.swift; sourceTree = "<group>"; };
		84C96B282B0BE01F00C8B876 /* Base */ = {isa = PBXFileReference; lastKnownFileType = file.storyboard; name = Base; path = Base.lproj/Main.storyboard; sourceTree = "<group>"; };
		84C96B2A2B0BE02100C8B876 /* Assets.xcassets */ = {isa = PBXFileReference; lastKnownFileType = folder.assetcatalog; path = Assets.xcassets; sourceTree = "<group>"; };
		84C96B2D2B0BE02100C8B876 /* Base */ = {isa = PBXFileReference; lastKnownFileType = file.storyboard; name = Base; path = Base.lproj/LaunchScreen.storyboard; sourceTree = "<group>"; };
		84C96B2F2B0BE02100C8B876 /* Info.plist */ = {isa = PBXFileReference; lastKnownFileType = text.plist.xml; path = Info.plist; sourceTree = "<group>"; };
		84C96B342B0BE02100C8B876 /* ACLTCTests.xctest */ = {isa = PBXFileReference; explicitFileType = wrapper.cfbundle; includeInIndex = 0; path = ACLTCTests.xctest; sourceTree = BUILT_PRODUCTS_DIR; };
		84C96B382B0BE02100C8B876 /* ACLTCTests.swift */ = {isa = PBXFileReference; lastKnownFileType = sourcecode.swift; path = ACLTCTests.swift; sourceTree = "<group>"; };
		84C96B3E2B0BE02200C8B876 /* ACLTCUITests.xctest */ = {isa = PBXFileReference; explicitFileType = wrapper.cfbundle; includeInIndex = 0; path = ACLTCUITests.xctest; sourceTree = BUILT_PRODUCTS_DIR; };
		84C96B422B0BE02200C8B876 /* ACLTCUITests.swift */ = {isa = PBXFileReference; lastKnownFileType = sourcecode.swift; path = ACLTCUITests.swift; sourceTree = "<group>"; };
		84C96B442B0BE02200C8B876 /* ACLTCUITestsLaunchTests.swift */ = {isa = PBXFileReference; lastKnownFileType = sourcecode.swift; path = ACLTCUITestsLaunchTests.swift; sourceTree = "<group>"; };
/* End PBXFileReference section */

/* Begin PBXFrameworksBuildPhase section */
		84C96B1B2B0BE01F00C8B876 /* Frameworks */ = {
			isa = PBXFrameworksBuildPhase;
			buildActionMask = 2147483647;
			files = (
			);
			runOnlyForDeploymentPostprocessing = 0;
		};
		84C96B312B0BE02100C8B876 /* Frameworks */ = {
			isa = PBXFrameworksBuildPhase;
			buildActionMask = 2147483647;
			files = (
			);
			runOnlyForDeploymentPostprocessing = 0;
		};
		84C96B3B2B0BE02200C8B876 /* Frameworks */ = {
			isa = PBXFrameworksBuildPhase;
			buildActionMask = 2147483647;
			files = (
			);
			runOnlyForDeploymentPostprocessing = 0;
		};
/* End PBXFrameworksBuildPhase section */

/* Begin PBXGroup section */
		84C96B152B0BE01F00C8B876 = {
			isa = PBXGroup;
			children = (
				84C96B202B0BE01F00C8B876 /* ACLTC */,
				84C96B372B0BE02100C8B876 /* ACLTCTests */,
				84C96B412B0BE02200C8B876 /* ACLTCUITests */,
				84C96B1F2B0BE01F00C8B876 /* Products */,
			);
			sourceTree = "<group>";
		};
		84C96B1F2B0BE01F00C8B876 /* Products */ = {
			isa = PBXGroup;
			children = (
				84C96B1E2B0BE01F00C8B876 /* ACLTC.app */,
				84C96B342B0BE02100C8B876 /* ACLTCTests.xctest */,
				84C96B3E2B0BE02200C8B876 /* ACLTCUITests.xctest */,
			);
			name = Products;
			sourceTree = "<group>";
		};
		84C96B202B0BE01F00C8B876 /* ACLTC */ = {
			isa = PBXGroup;
			children = (
				84C96B212B0BE01F00C8B876 /* AppDelegate.swift */,
				84C96B232B0BE01F00C8B876 /* SceneDelegate.swift */,
				84C96B252B0BE01F00C8B876 /* ViewController.swift */,
				84C96B272B0BE01F00C8B876 /* Main.storyboard */,
				84C96B2A2B0BE02100C8B876 /* Assets.xcassets */,
				84C96B2C2B0BE02100C8B876 /* LaunchScreen.storyboard */,
				84C96B2F2B0BE02100C8B876 /* Info.plist */,
			);
			path = ACLTC;
			sourceTree = "<group>";
		};
		84C96B372B0BE02100C8B876 /* ACLTCTests */ = {
			isa = PBXGroup;
			children = (
				84C96B382B0BE02100C8B876 /* ACLTCTests.swift */,
			);
			path = ACLTCTests;
			sourceTree = "<group>";
		};
		84C96B412B0BE02200C8B876 /* ACLTCUITests */ = {
			isa = PBXGroup;
			children = (
				84C96B422B0BE02200C8B876 /* ACLTCUITests.swift */,
				84C96B442B0BE02200C8B876 /* ACLTCUITestsLaunchTests.swift */,
			);
			path = ACLTCUITests;
			sourceTree = "<group>";
		};
/* End PBXGroup section */

/* Begin PBXNativeTarget section */
		84C96B1D2B0BE01F00C8B876 /* ACLTC */ = {
			isa = PBXNativeTarget;
			buildConfigurationList = 84C96B482B0BE02200C8B876 /* Build configuration list for PBXNativeTarget "ACLTC" */;
			buildPhases = (
				84C96B1A2B0BE01F00C8B876 /* Sources */,
				84C96B1B2B0BE01F00C8B876 /* Frameworks */,
				84C96B1C2B0BE01F00C8B876 /* Resources */,
			);
			buildRules = (
			);
			dependencies = (
			);
			name = ACLTC;
			productName = ACLTC;
			productReference = 84C96B1E2B0BE01F00C8B876 /* ACLTC.app */;
			productType = "com.apple.product-type.application";
		};
		84C96B332B0BE02100C8B876 /* ACLTCTests */ = {
			isa = PBXNativeTarget;
			buildConfigurationList = 84C96B4B2B0BE02200C8B876 /* Build configuration list for PBXNativeTarget "ACLTCTests" */;
			buildPhases = (
				84C96B302B0BE02100C8B876 /* Sources */,
				84C96B312B0BE02100C8B876 /* Frameworks */,
				84C96B322B0BE02100C8B876 /* Resources */,
			);
			buildRules = (
			);
			dependencies = (
				84C96B362B0BE02100C8B876 /* PBXTargetDependency */,
			);
			name = ACLTCTests;
			productName = ACLTCTests;
			productReference = 84C96B342B0BE02100C8B876 /* ACLTCTests.xctest */;
			productType = "com.apple.product-type.bundle.unit-test";
		};
		84C96B3D2B0BE02200C8B876 /* ACLTCUITests */ = {
			isa = PBXNativeTarget;
			buildConfigurationList = 84C96B4E2B0BE02200C8B876 /* Build configuration list for PBXNativeTarget "ACLTCUITests" */;
			buildPhases = (
				84C96B3A2B0BE02200C8B876 /* Sources */,
				84C96B3B2B0BE02200C8B876 /* Frameworks */,
				84C96B3C2B0BE02200C8B876 /* Resources */,
			);
			buildRules = (
			);
			dependencies = (
				84C96B402B0BE02200C8B876 /* PBXTargetDependency */,
			);
			name = ACLTCUITests;
			productName = ACLTCUITests;
			productReference = 84C96B3E2B0BE02200C8B876 /* ACLTCUITests.xctest */;
			productType = "com.apple.product-type.bundle.ui-testing";
		};
/* End PBXNativeTarget section */

/* Begin PBXProject section */
		84C96B162B0BE01F00C8B876 /* Project object */ = {
			isa = PBXProject;
			attributes = {
				BuildIndependentTargetsInParallel = 1;
				LastSwiftUpdateCheck = 1430;
				LastUpgradeCheck = 1430;
				TargetAttributes = {
					84C96B1D2B0BE01F00C8B876 = {
						CreatedOnToolsVersion = 14.3.1;
					};
					84C96B332B0BE02100C8B876 = {
						CreatedOnToolsVersion = 14.3.1;
						TestTargetID = 84C96B1D2B0BE01F00C8B876;
					};
					84C96B3D2B0BE02200C8B876 = {
						CreatedOnToolsVersion = 14.3.1;
						TestTargetID = 84C96B1D2B0BE01F00C8B876;
					};
				};
			};
			buildConfigurationList = 84C96B192B0BE01F00C8B876 /* Build configuration list for PBXProject "ACLTC" */;
			compatibilityVersion = "Xcode 14.0";
			developmentRegion = en;
			hasScannedForEncodings = 0;
			knownRegions = (
				en,
				Base,
			);
			mainGroup = 84C96B152B0BE01F00C8B876;
			productRefGroup = 84C96B1F2B0BE01F00C8B876 /* Products */;
			projectDirPath = "";
			projectRoot = "";
			targets = (
				84C96B1D2B0BE01F00C8B876 /* ACLTC */,
				84C96B332B0BE02100C8B876 /* ACLTCTests */,
				84C96B3D2B0BE02200C8B876 /* ACLTCUITests */,
			);
		};
/* End PBXProject section */

/* Begin PBXResourcesBuildPhase section */
		84C96B1C2B0BE01F00C8B876 /* Resources */ = {
			isa = PBXResourcesBuildPhase;
			buildActionMask = 2147483647;
			files = (
				84C96B2E2B0BE02100C8B876 /* LaunchScreen.storyboard in Resources */,
				84C96B2B2B0BE02100C8B876 /* Assets.xcassets in Resources */,
				84C96B292B0BE01F00C8B876 /* Main.storyboard in Resources */,
			);
			runOnlyForDeploymentPostprocessing = 0;
		};
		84C96B322B0BE02100C8B876 /* Resources */ = {
			isa = PBXResourcesBuildPhase;
			buildActionMask = 2147483647;
			files = (
			);
			runOnlyForDeploymentPostprocessing = 0;
		};
		84C96B3C2B0BE02200C8B876 /* Resources */ = {
			isa = PBXResourcesBuildPhase;
			buildActionMask = 2147483647;
			files = (
			);
			runOnlyForDeploymentPostprocessing = 0;
		};
/* End PBXResourcesBuildPhase section */

/* Begin PBXSourcesBuildPhase section */
		84C96B1A2B0BE01F00C8B876 /* Sources */ = {
			isa = PBXSourcesBuildPhase;
			buildActionMask = 2147483647;
			files = (
				84C96B262B0BE01F00C8B876 /* ViewController.swift in Sources */,
				84C96B222B0BE01F00C8B876 /* AppDelegate.swift in Sources */,
				84C96B242B0BE01F00C8B876 /* SceneDelegate.swift in Sources */,
			);
			runOnlyForDeploymentPostprocessing = 0;
		};
		84C96B302B0BE02100C8B876 /* Sources */ = {
			isa = PBXSourcesBuildPhase;
			buildActionMask = 2147483647;
			files = (
				84C96B392B0BE02100C8B876 /* ACLTCTests.swift in Sources */,
			);
			runOnlyForDeploymentPostprocessing = 0;
		};
		84C96B3A2B0BE02200C8B876 /* Sources */ = {
			isa = PBXSourcesBuildPhase;
			buildActionMask = 2147483647;
			files = (
				84C96B452B0BE02200C8B876 /* ACLTCUITestsLaunchTests.swift in Sources */,
				84C96B432B0BE02200C8B876 /* ACLTCUITests.swift in Sources */,
			);
			runOnlyForDeploymentPostprocessing = 0;
		};
/* End PBXSourcesBuildPhase section */

/* Begin PBXTargetDependency section */
		84C96B362B0BE02100C8B876 /* PBXTargetDependency */ = {
			isa = PBXTargetDependency;
			target = 84C96B1D2B0BE01F00C8B876 /* ACLTC */;
			targetProxy = 84C96B352B0BE02100C8B876 /* PBXContainerItemProxy */;
		};
		84C96B402B0BE02200C8B876 /* PBXTargetDependency */ = {
			isa = PBXTargetDependency;
			target = 84C96B1D2B0BE01F00C8B876 /* ACLTC */;
			targetProxy = 84C96B3F2B0BE02200C8B876 /* PBXContainerItemProxy */;
		};
/* End PBXTargetDependency section */

/* Begin PBXVariantGroup section */
		84C96B272B0BE01F00C8B876 /* Main.storyboard */ = {
			isa = PBXVariantGroup;
			children = (
				84C96B282B0BE01F00C8B876 /* Base */,
			);
			name = Main.storyboard;
			sourceTree = "<group>";
		};
		84C96B2C2B0BE02100C8B876 /* LaunchScreen.storyboard */ = {
			isa = PBXVariantGroup;
			children = (
				84C96B2D2B0BE02100C8B876 /* Base */,
			);
			name = LaunchScreen.storyboard;
			sourceTree = "<group>";
		};
/* End PBXVariantGroup section */

/* Begin XCBuildConfiguration section */
		84C96B462B0BE02200C8B876 /* Debug */ = {
			isa = XCBuildConfiguration;
			buildSettings = {
				ALWAYS_SEARCH_USER_PATHS = NO;
				CLANG_ANALYZER_NONNULL = YES;
				CLANG_ANALYZER_NUMBER_OBJECT_CONVERSION = YES_AGGRESSIVE;
				CLANG_CXX_LANGUAGE_STANDARD = "gnu++20";
				CLANG_ENABLE_MODULES = YES;
				CLANG_ENABLE_OBJC_ARC = YES;
				CLANG_ENABLE_OBJC_WEAK = YES;
				CLANG_WARN_BLOCK_CAPTURE_AUTORELEASING = YES;
				CLANG_WARN_BOOL_CONVERSION = YES;
				CLANG_WARN_COMMA = YES;
				CLANG_WARN_CONSTANT_CONVERSION = YES;
				CLANG_WARN_DEPRECATED_OBJC_IMPLEMENTATIONS = YES;
				CLANG_WARN_DIRECT_OBJC_ISA_USAGE = YES_ERROR;
				CLANG_WARN_DOCUMENTATION_COMMENTS = YES;
				CLANG_WARN_EMPTY_BODY = YES;
				CLANG_WARN_ENUM_CONVERSION = YES;
				CLANG_WARN_INFINITE_RECURSION = YES;
				CLANG_WARN_INT_CONVERSION = YES;
				CLANG_WARN_NON_LITERAL_NULL_CONVERSION = YES;
				CLANG_WARN_OBJC_IMPLICIT_RETAIN_SELF = YES;
				CLANG_WARN_OBJC_LITERAL_CONVERSION = YES;
				CLANG_WARN_OBJC_ROOT_CLASS = YES_ERROR;
				CLANG_WARN_QUOTED_INCLUDE_IN_FRAMEWORK_HEADER = YES;
				CLANG_WARN_RANGE_LOOP_ANALYSIS = YES;
				CLANG_WARN_STRICT_PROTOTYPES = YES;
				CLANG_WARN_SUSPICIOUS_MOVE = YES;
				CLANG_WARN_UNGUARDED_AVAILABILITY = YES_AGGRESSIVE;
				CLANG_WARN_UNREACHABLE_CODE = YES;
				CLANG_WARN__DUPLICATE_METHOD_MATCH = YES;
				COPY_PHASE_STRIP = NO;
				DEBUG_INFORMATION_FORMAT = dwarf;
				ENABLE_STRICT_OBJC_MSGSEND = YES;
				ENABLE_TESTABILITY = YES;
				GCC_C_LANGUAGE_STANDARD = gnu11;
				GCC_DYNAMIC_NO_PIC = NO;
				GCC_NO_COMMON_BLOCKS = YES;
				GCC_OPTIMIZATION_LEVEL = 0;
				GCC_PREPROCESSOR_DEFINITIONS = (
					"DEBUG=1",
					"$(inherited)",
				);
				GCC_WARN_64_TO_32_BIT_CONVERSION = YES;
				GCC_WARN_ABOUT_RETURN_TYPE = YES_ERROR;
				GCC_WARN_UNDECLARED_SELECTOR = YES;
				GCC_WARN_UNINITIALIZED_AUTOS = YES_AGGRESSIVE;
				GCC_WARN_UNUSED_FUNCTION = YES;
				GCC_WARN_UNUSED_VARIABLE = YES;
				IPHONEOS_DEPLOYMENT_TARGET = 16.4;
				MTL_ENABLE_DEBUG_INFO = INCLUDE_SOURCE;
				MTL_FAST_MATH = YES;
				ONLY_ACTIVE_ARCH = YES;
				SDKROOT = iphoneos;
				SWIFT_ACTIVE_COMPILATION_CONDITIONS = DEBUG;
				SWIFT_OPTIMIZATION_LEVEL = "-Onone";
			};
			name = Debug;
		};
		84C96B472B0BE02200C8B876 /* Release */ = {
			isa = XCBuildConfiguration;
			buildSettings = {
				ALWAYS_SEARCH_USER_PATHS = NO;
				CLANG_ANALYZER_NONNULL = YES;
				CLANG_ANALYZER_NUMBER_OBJECT_CONVERSION = YES_AGGRESSIVE;
				CLANG_CXX_LANGUAGE_STANDARD = "gnu++20";
				CLANG_ENABLE_MODULES = YES;
				CLANG_ENABLE_OBJC_ARC = YES;
				CLANG_ENABLE_OBJC_WEAK = YES;
				CLANG_WARN_BLOCK_CAPTURE_AUTORELEASING = YES;
				CLANG_WARN_BOOL_CONVERSION = YES;
				CLANG_WARN_COMMA = YES;
				CLANG_WARN_CONSTANT_CONVERSION = YES;
				CLANG_WARN_DEPRECATED_OBJC_IMPLEMENTATIONS = YES;
				CLANG_WARN_DIRECT_OBJC_ISA_USAGE = YES_ERROR;
				CLANG_WARN_DOCUMENTATION_COMMENTS = YES;
				CLANG_WARN_EMPTY_BODY = YES;
				CLANG_WARN_ENUM_CONVERSION = YES;
				CLANG_WARN_INFINITE_RECURSION = YES;
				CLANG_WARN_INT_CONVERSION = YES;
				CLANG_WARN_NON_LITERAL_NULL_CONVERSION = YES;
				CLANG_WARN_OBJC_IMPLICIT_RETAIN_SELF = YES;
				CLANG_WARN_OBJC_LITERAL_CONVERSION = YES;
				CLANG_WARN_OBJC_ROOT_CLASS = YES_ERROR;
				CLANG_WARN_QUOTED_INCLUDE_IN_FRAMEWORK_HEADER = YES;
				CLANG_WARN_RANGE_LOOP_ANALYSIS = YES;
				CLANG_WARN_STRICT_PROTOTYPES = YES;
				CLANG_WARN_SUSPICIOUS_MOVE = YES;
				CLANG_WARN_UNGUARDED_AVAILABILITY = YES_AGGRESSIVE;
				CLANG_WARN_UNREACHABLE_CODE = YES;
				CLANG_WARN__DUPLICATE_METHOD_MATCH = YES;
				COPY_PHASE_STRIP = NO;
				DEBUG_INFORMATION_FORMAT = "dwarf-with-dsym";
				ENABLE_NS_ASSERTIONS = NO;
				ENABLE_STRICT_OBJC_MSGSEND = YES;
				GCC_C_LANGUAGE_STANDARD = gnu11;
				GCC_NO_COMMON_BLOCKS = YES;
				GCC_WARN_64_TO_32_BIT_CONVERSION = YES;
				GCC_WARN_ABOUT_RETURN_TYPE = YES_ERROR;
				GCC_WARN_UNDECLARED_SELECTOR = YES;
				GCC_WARN_UNINITIALIZED_AUTOS = YES_AGGRESSIVE;
				GCC_WARN_UNUSED_FUNCTION = YES;
				GCC_WARN_UNUSED_VARIABLE = YES;
				IPHONEOS_DEPLOYMENT_TARGET = 16.4;
				MTL_ENABLE_DEBUG_INFO = NO;
				MTL_FAST_MATH = YES;
				SDKROOT = iphoneos;
				SWIFT_COMPILATION_MODE = wholemodule;
				SWIFT_OPTIMIZATION_LEVEL = "-O";
				VALIDATE_PRODUCT = YES;
			};
			name = Release;
		};
		84C96B492B0BE02200C8B876 /* Debug */ = {
			isa = XCBuildConfiguration;
			buildSettings = {
				ASSETCATALOG_COMPILER_APPICON_NAME = AppIcon;
				ASSETCATALOG_COMPILER_GLOBAL_ACCENT_COLOR_NAME = AccentColor;
				CODE_SIGN_STYLE = Automatic;
				CURRENT_PROJECT_VERSION = 1;
				GENERATE_INFOPLIST_FILE = YES;
				INFOPLIST_FILE = ACLTC/Info.plist;
				INFOPLIST_KEY_UIApplicationSupportsIndirectInputEvents = YES;
				INFOPLIST_KEY_UILaunchStoryboardName = LaunchScreen;
				INFOPLIST_KEY_UIMainStoryboardFile = Main;
				INFOPLIST_KEY_UISupportedInterfaceOrientations_iPad = "UIInterfaceOrientationPortrait UIInterfaceOrientationPortraitUpsideDown UIInterfaceOrientationLandscapeLeft UIInterfaceOrientationLandscapeRight";
				INFOPLIST_KEY_UISupportedInterfaceOrientations_iPhone = "UIInterfaceOrientationPortrait UIInterfaceOrientationLandscapeLeft UIInterfaceOrientationLandscapeRight";
				LD_RUNPATH_SEARCH_PATHS = (
					"$(inherited)",
					"@executable_path/Frameworks",
				);
				MARKETING_VERSION = 1.0;
				PRODUCT_BUNDLE_IDENTIFIER = bmc.ACLTC;
				PRODUCT_NAME = "$(TARGET_NAME)";
				SWIFT_EMIT_LOC_STRINGS = YES;
				SWIFT_VERSION = 5.0;
				TARGETED_DEVICE_FAMILY = "1,2";
			};
			name = Debug;
		};
		84C96B4A2B0BE02200C8B876 /* Release */ = {
			isa = XCBuildConfiguration;
			buildSettings = {
				ASSETCATALOG_COMPILER_APPICON_NAME = AppIcon;
				ASSETCATALOG_COMPILER_GLOBAL_ACCENT_COLOR_NAME = AccentColor;
				CODE_SIGN_STYLE = Automatic;
				CURRENT_PROJECT_VERSION = 1;
				GENERATE_INFOPLIST_FILE = YES;
				INFOPLIST_FILE = ACLTC/Info.plist;
				INFOPLIST_KEY_UIApplicationSupportsIndirectInputEvents = YES;
				INFOPLIST_KEY_UILaunchStoryboardName = LaunchScreen;
				INFOPLIST_KEY_UIMainStoryboardFile = Main;
				INFOPLIST_KEY_UISupportedInterfaceOrientations_iPad = "UIInterfaceOrientationPortrait UIInterfaceOrientationPortraitUpsideDown UIInterfaceOrientationLandscapeLeft UIInterfaceOrientationLandscapeRight";
				INFOPLIST_KEY_UISupportedInterfaceOrientations_iPhone = "UIInterfaceOrientationPortrait UIInterfaceOrientationLandscapeLeft UIInterfaceOrientationLandscapeRight";
				LD_RUNPATH_SEARCH_PATHS = (
					"$(inherited)",
					"@executable_path/Frameworks",
				);
				MARKETING_VERSION = 1.0;
				PRODUCT_BUNDLE_IDENTIFIER = bmc.ACLTC;
				PRODUCT_NAME = "$(TARGET_NAME)";
				SWIFT_EMIT_LOC_STRINGS = YES;
				SWIFT_VERSION = 5.0;
				TARGETED_DEVICE_FAMILY = "1,2";
			};
			name = Release;
		};
		84C96B4C2B0BE02200C8B876 /* Debug */ = {
			isa = XCBuildConfiguration;
			buildSettings = {
				ALWAYS_EMBED_SWIFT_STANDARD_LIBRARIES = YES;
				BUNDLE_LOADER = "$(TEST_HOST)";
				CODE_SIGN_STYLE = Automatic;
				CURRENT_PROJECT_VERSION = 1;
				GENERATE_INFOPLIST_FILE = YES;
				IPHONEOS_DEPLOYMENT_TARGET = 16.4;
				MARKETING_VERSION = 1.0;
				PRODUCT_BUNDLE_IDENTIFIER = bmc.ACLTCTests;
				PRODUCT_NAME = "$(TARGET_NAME)";
				SWIFT_EMIT_LOC_STRINGS = NO;
				SWIFT_VERSION = 5.0;
				TARGETED_DEVICE_FAMILY = "1,2";
				TEST_HOST = "$(BUILT_PRODUCTS_DIR)/ACLTC.app/$(BUNDLE_EXECUTABLE_FOLDER_PATH)/ACLTC";
			};
			name = Debug;
		};
		84C96B4D2B0BE02200C8B876 /* Release */ = {
			isa = XCBuildConfiguration;
			buildSettings = {
				ALWAYS_EMBED_SWIFT_STANDARD_LIBRARIES = YES;
				BUNDLE_LOADER = "$(TEST_HOST)";
				CODE_SIGN_STYLE = Automatic;
				CURRENT_PROJECT_VERSION = 1;
				GENERATE_INFOPLIST_FILE = YES;
				IPHONEOS_DEPLOYMENT_TARGET = 16.4;
				MARKETING_VERSION = 1.0;
				PRODUCT_BUNDLE_IDENTIFIER = bmc.ACLTCTests;
				PRODUCT_NAME = "$(TARGET_NAME)";
				SWIFT_EMIT_LOC_STRINGS = NO;
				SWIFT_VERSION = 5.0;
				TARGETED_DEVICE_FAMILY = "1,2";
				TEST_HOST = "$(BUILT_PRODUCTS_DIR)/ACLTC.app/$(BUNDLE_EXECUTABLE_FOLDER_PATH)/ACLTC";
			};
			name = Release;
		};
		84C96B4F2B0BE02200C8B876 /* Debug */ = {
			isa = XCBuildConfiguration;
			buildSettings = {
				ALWAYS_EMBED_SWIFT_STANDARD_LIBRARIES = YES;
				CODE_SIGN_STYLE = Automatic;
				CURRENT_PROJECT_VERSION = 1;
				GENERATE_INFOPLIST_FILE = YES;
				MARKETING_VERSION = 1.0;
				PRODUCT_BUNDLE_IDENTIFIER = bmc.ACLTCUITests;
				PRODUCT_NAME = "$(TARGET_NAME)";
				SWIFT_EMIT_LOC_STRINGS = NO;
				SWIFT_VERSION = 5.0;
				TARGETED_DEVICE_FAMILY = "1,2";
				TEST_TARGET_NAME = ACLTC;
			};
			name = Debug;
		};
		84C96B502B0BE02200C8B876 /* Release */ = {
			isa = XCBuildConfiguration;
			buildSettings = {
				ALWAYS_EMBED_SWIFT_STANDARD_LIBRARIES = YES;
				CODE_SIGN_STYLE = Automatic;
				CURRENT_PROJECT_VERSION = 1;
				GENERATE_INFOPLIST_FILE = YES;
				MARKETING_VERSION = 1.0;
				PRODUCT_BUNDLE_IDENTIFIER = bmc.ACLTCUITests;
				PRODUCT_NAME = "$(TARGET_NAME)";
				SWIFT_EMIT_LOC_STRINGS = NO;
				SWIFT_VERSION = 5.0;
				TARGETED_DEVICE_FAMILY = "1,2";
				TEST_TARGET_NAME = ACLTC;
			};
			name = Release;
		};
/* End XCBuildConfiguration section */

/* Begin XCConfigurationList section */
		84C96B192B0BE01F00C8B876 /* Build configuration list for PBXProject "ACLTC" */ = {
			isa = XCConfigurationList;
			buildConfigurations = (
				84C96B462B0BE02200C8B876 /* Debug */,
				84C96B472B0BE02200C8B876 /* Release */,
			);
			defaultConfigurationIsVisible = 0;
			defaultConfigurationName = Release;
		};
		84C96B482B0BE02200C8B876 /* Build configuration list for PBXNativeTarget "ACLTC" */ = {
			isa = XCConfigurationList;
			buildConfigurations = (
				84C96B492B0BE02200C8B876 /* Debug */,
				84C96B4A2B0BE02200C8B876 /* Release */,
			);
			defaultConfigurationIsVisible = 0;
			defaultConfigurationName = Release;
		};
		84C96B4B2B0BE02200C8B876 /* Build configuration list for PBXNativeTarget "ACLTCTests" */ = {
			isa = XCConfigurationList;
			buildConfigurations = (
				84C96B4C2B0BE02200C8B876 /* Debug */,
				84C96B4D2B0BE02200C8B876 /* Release */,
			);
			defaultConfigurationIsVisible = 0;
			defaultConfigurationName = Release;
		};
		84C96B4E2B0BE02200C8B876 /* Build configuration list for PBXNativeTarget "ACLTCUITests" */ = {
			isa = XCConfigurationList;
			buildConfigurations = (
				84C96B4F2B0BE02200C8B876 /* Debug */,
				84C96B502B0BE02200C8B876 /* Release */,
			);
			defaultConfigurationIsVisible = 0;
			defaultConfigurationName = Release;
		};
/* End XCConfigurationList section */
	};
	rootObject = 84C96B162B0BE01F00C8B876 /* Project object */;
}
